
Microsoft Visual Studio Solution File, Format Version 12.00
# Visual Studio Version 17
VisualStudioVersion = 17.4.33205.214
MinimumVisualStudioVersion = 10.0.40219.1
Project("{FAE04EC0-301F-11D3-BF4B-00C04F79EFBC}") = "002 VariablesAndConstants", "002 VariablesAndConstants\002 VariablesAndConstants.csproj", "{ED1E619B-D93C-443E-B91B-3F25D5E1BB93}"
EndProject
Project("{FAE04EC0-301F-11D3-BF4B-00C04F79EFBC}") = "001 FirstProgram", "001 FirstProgram\001 FirstProgram.csproj", "{9CC9340A-CDC9-441C-AA12-4CAD8F50A1B7}"
EndProject
Global
	GlobalSection(SolutionConfigurationPlatforms) = preSolution
		Debug|Any CPU = Debug|Any CPU
		Release|Any CPU = Release|Any CPU
	EndGlobalSection
	GlobalSection(ProjectConfigurationPlatforms) = postSolution
		{ED1E619B-D93C-443E-B91B-3F25D5E1BB93}.Debug|Any CPU.ActiveCfg = Debug|Any CPU
		{ED1E619B-D93C-443E-B91B-3F25D5E1BB93}.Debug|Any CPU.Build.0 = Debug|Any CPU
		{ED1E619B-D93C-443E-B91B-3F25D5E1BB93}.Release|Any CPU.ActiveCfg = Release|Any CPU
		{ED1E619B-D93C-443E-B91B-3F25D5E1BB93}.Release|Any CPU.Build.0 = Release|Any CPU
		{9CC9340A-CDC9-441C-AA12-4CAD8F50A1B7}.Debug|Any CPU.ActiveCfg = Debug|Any CPU
		{9CC9340A-CDC9-441C-AA12-4CAD8F50A1B7}.Debug|Any CPU.Build.0 = Debug|Any CPU
		{9CC9340A-CDC9-441C-AA12-4CAD8F50A1B7}.Release|Any CPU.ActiveCfg = Release|Any CPU
		{9CC9340A-CDC9-441C-AA12-4CAD8F50A1B7}.Release|Any CPU.Build.0 = Release|Any CPU
	EndGlobalSection
	GlobalSection(SolutionProperties) = preSolution
		HideSolutionNode = FALSE
	EndGlobalSection
	GlobalSection(ExtensibilityGlobals) = postSolution
		SolutionGuid = {CEF9C4AC-9E57-4208-9D81-A842B8DA44D6}
	EndGlobalSection
EndGlobal
